
Microsoft Visual Studio Solution File, Format Version 12.00
# Visual Studio Version 17
VisualStudioVersion = 17.8.34525.116
MinimumVisualStudioVersion = 10.0.40219.1
Project("{FAE04EC0-301F-11D3-BF4B-00C04F79EFBC}") = "CatFact", "CatFact.csproj", "{AC9DB184-B603-4420-9D51-4564022D3325}"
EndProject
Global
	GlobalSection(SolutionConfigurationPlatforms) = preSolution
		Debug|Any CPU = Debug|Any CPU
		Release|Any CPU = Release|Any CPU
	EndGlobalSection
	GlobalSection(ProjectConfigurationPlatforms) = postSolution
		{AC9DB184-B603-4420-9D51-4564022D3325}.Debug|Any CPU.ActiveCfg = Debug|Any CPU
		{AC9DB184-B603-4420-9D51-4564022D3325}.Debug|Any CPU.Build.0 = Debug|Any CPU
		{AC9DB184-B603-4420-9D51-4564022D3325}.Release|Any CPU.ActiveCfg = Release|Any CPU
		{AC9DB184-B603-4420-9D51-4564022D3325}.Release|Any CPU.Build.0 = Release|Any CPU
	EndGlobalSection
	GlobalSection(SolutionProperties) = preSolution
		HideSolutionNode = FALSE
	EndGlobalSection
	GlobalSection(ExtensibilityGlobals) = postSolution
		SolutionGuid = {8DB4E7C4-EFF8-4C60-AB7F-6C43CDC8181E}
	EndGlobalSection
EndGlobal
